
Microsoft Visual Studio Solution File, Format Version 12.00
# Visual Studio 15
VisualStudioVersion = 15.0.26430.13
MinimumVisualStudioVersion = 10.0.40219.1
Project("{FAE04EC0-301F-11D3-BF4B-00C04F79EFBC}") = "Mobile_Center.Android", "MobileCenter.Android\Mobile_Center.Android.csproj", "{704E0D56-4727-475F-8AE4-B57ED5B7A45D}"
EndProject
Project("{FAE04EC0-301F-11D3-BF4B-00C04F79EFBC}") = "Mobile_Center", "MobileCenter\Mobile_Center.csproj", "{4B2F0082-ACD3-41F5-9A00-E828F3CE852C}"
EndProject
Project("{FAE04EC0-301F-11D3-BF4B-00C04F79EFBC}") = "Mobile_Center.UWP", "MobileCenter.UWP\Mobile_Center.UWP.csproj", "{35C3A138-264D-4C43-A120-D381F9AF9AEC}"
EndProject
Project("{FAE04EC0-301F-11D3-BF4B-00C04F79EFBC}") = "Mobile_Center.iOS", "MobileCenter.iOS\Mobile_Center.iOS.csproj", "{F32669C1-D92F-42CC-94BF-20DC7087A1EB}"
EndProject
Project("{FAE04EC0-301F-11D3-BF4B-00C04F79EFBC}") = "Mobile_Center.Test", "Mobile_Center.Test\Mobile_Center.Test.csproj", "{6618282C-1D29-465C-BC9F-52AFA5460D5F}"
EndProject
Global
	GlobalSection(SolutionConfigurationPlatforms) = preSolution
		Ad-Hoc|Any CPU = Ad-Hoc|Any CPU
		Ad-Hoc|ARM = Ad-Hoc|ARM
		Ad-Hoc|iPhone = Ad-Hoc|iPhone
		Ad-Hoc|iPhoneSimulator = Ad-Hoc|iPhoneSimulator
		Ad-Hoc|x64 = Ad-Hoc|x64
		Ad-Hoc|x86 = Ad-Hoc|x86
		AppStore|Any CPU = AppStore|Any CPU
		AppStore|ARM = AppStore|ARM
		AppStore|iPhone = AppStore|iPhone
		AppStore|iPhoneSimulator = AppStore|iPhoneSimulator
		AppStore|x64 = AppStore|x64
		AppStore|x86 = AppStore|x86
		Debug|Any CPU = Debug|Any CPU
		Debug|ARM = Debug|ARM
		Debug|iPhone = Debug|iPhone
		Debug|iPhoneSimulator = Debug|iPhoneSimulator
		Debug|x64 = Debug|x64
		Debug|x86 = Debug|x86
		Release|Any CPU = Release|Any CPU
		Release|ARM = Release|ARM
		Release|iPhone = Release|iPhone
		Release|iPhoneSimulator = Release|iPhoneSimulator
		Release|x64 = Release|x64
		Release|x86 = Release|x86
	EndGlobalSection
	GlobalSection(ProjectConfigurationPlatforms) = postSolution
		{704E0D56-4727-475F-8AE4-B57ED5B7A45D}.Ad-Hoc|Any CPU.ActiveCfg = Release|Any CPU
		{704E0D56-4727-475F-8AE4-B57ED5B7A45D}.Ad-Hoc|Any CPU.Build.0 = Release|Any CPU
		{704E0D56-4727-475F-8AE4-B57ED5B7A45D}.Ad-Hoc|Any CPU.Deploy.0 = Release|Any CPU
		{704E0D56-4727-475F-8AE4-B57ED5B7A45D}.Ad-Hoc|ARM.ActiveCfg = Release|Any CPU
		{704E0D56-4727-475F-8AE4-B57ED5B7A45D}.Ad-Hoc|ARM.Build.0 = Release|Any CPU
		{704E0D56-4727-475F-8AE4-B57ED5B7A45D}.Ad-Hoc|ARM.Deploy.0 = Release|Any CPU
		{704E0D56-4727-475F-8AE4-B57ED5B7A45D}.Ad-Hoc|iPhone.ActiveCfg = Release|Any CPU
		{704E0D56-4727-475F-8AE4-B57ED5B7A45D}.Ad-Hoc|iPhone.Build.0 = Release|Any CPU
		{704E0D56-4727-475F-8AE4-B57ED5B7A45D}.Ad-Hoc|iPhone.Deploy.0 = Release|Any CPU
		{704E0D56-4727-475F-8AE4-B57ED5B7A45D}.Ad-Hoc|iPhoneSimulator.ActiveCfg = Release|Any CPU
		{704E0D56-4727-475F-8AE4-B57ED5B7A45D}.Ad-Hoc|iPhoneSimulator.Build.0 = Release|Any CPU
		{704E0D56-4727-475F-8AE4-B57ED5B7A45D}.Ad-Hoc|iPhoneSimulator.Deploy.0 = Release|Any CPU
		{704E0D56-4727-475F-8AE4-B57ED5B7A45D}.Ad-Hoc|x64.ActiveCfg = Release|Any CPU
		{704E0D56-4727-475F-8AE4-B57ED5B7A45D}.Ad-Hoc|x64.Build.0 = Release|Any CPU
		{704E0D56-4727-475F-8AE4-B57ED5B7A45D}.Ad-Hoc|x64.Deploy.0 = Release|Any CPU
		{704E0D56-4727-475F-8AE4-B57ED5B7A45D}.Ad-Hoc|x86.ActiveCfg = Release|Any CPU
		{704E0D56-4727-475F-8AE4-B57ED5B7A45D}.Ad-Hoc|x86.Build.0 = Release|Any CPU
		{704E0D56-4727-475F-8AE4-B57ED5B7A45D}.Ad-Hoc|x86.Deploy.0 = Release|Any CPU
		{704E0D56-4727-475F-8AE4-B57ED5B7A45D}.AppStore|Any CPU.ActiveCfg = Release|Any CPU
		{704E0D56-4727-475F-8AE4-B57ED5B7A45D}.AppStore|Any CPU.Build.0 = Release|Any CPU
		{704E0D56-4727-475F-8AE4-B57ED5B7A45D}.AppStore|Any CPU.Deploy.0 = Release|Any CPU
		{704E0D56-4727-475F-8AE4-B57ED5B7A45D}.AppStore|ARM.ActiveCfg = Release|Any CPU
		{704E0D56-4727-475F-8AE4-B57ED5B7A45D}.AppStore|ARM.Build.0 = Release|Any CPU
		{704E0D56-4727-475F-8AE4-B57ED5B7A45D}.AppStore|ARM.Deploy.0 = Release|Any CPU
		{704E0D56-4727-475F-8AE4-B57ED5B7A45D}.AppStore|iPhone.ActiveCfg = Release|Any CPU
		{704E0D56-4727-475F-8AE4-B57ED5B7A45D}.AppStore|iPhone.Build.0 = Release|Any CPU
		{704E0D56-4727-475F-8AE4-B57ED5B7A45D}.AppStore|iPhone.Deploy.0 = Release|Any CPU
		{704E0D56-4727-475F-8AE4-B57ED5B7A45D}.AppStore|iPhoneSimulator.ActiveCfg = Release|Any CPU
		{704E0D56-4727-475F-8AE4-B57ED5B7A45D}.AppStore|iPhoneSimulator.Build.0 = Release|Any CPU
		{704E0D56-4727-475F-8AE4-B57ED5B7A45D}.AppStore|iPhoneSimulator.Deploy.0 = Release|Any CPU
		{704E0D56-4727-475F-8AE4-B57ED5B7A45D}.AppStore|x64.ActiveCfg = Release|Any CPU
		{704E0D56-4727-475F-8AE4-B57ED5B7A45D}.AppStore|x64.Build.0 = Release|Any CPU
		{704E0D56-4727-475F-8AE4-B57ED5B7A45D}.AppStore|x64.Deploy.0 = Release|Any CPU
		{704E0D56-4727-475F-8AE4-B57ED5B7A45D}.AppStore|x86.ActiveCfg = Release|Any CPU
		{704E0D56-4727-475F-8AE4-B57ED5B7A45D}.AppStore|x86.Build.0 = Release|Any CPU
		{704E0D56-4727-475F-8AE4-B57ED5B7A45D}.AppStore|x86.Deploy.0 = Release|Any CPU
		{704E0D56-4727-475F-8AE4-B57ED5B7A45D}.Debug|Any CPU.ActiveCfg = Debug|Any CPU
		{704E0D56-4727-475F-8AE4-B57ED5B7A45D}.Debug|Any CPU.Build.0 = Debug|Any CPU
		{704E0D56-4727-475F-8AE4-B57ED5B7A45D}.Debug|Any CPU.Deploy.0 = Debug|Any CPU
		{704E0D56-4727-475F-8AE4-B57ED5B7A45D}.Debug|ARM.ActiveCfg = Debug|Any CPU
		{704E0D56-4727-475F-8AE4-B57ED5B7A45D}.Debug|ARM.Build.0 = Debug|Any CPU
		{704E0D56-4727-475F-8AE4-B57ED5B7A45D}.Debug|ARM.Deploy.0 = Debug|Any CPU
		{704E0D56-4727-475F-8AE4-B57ED5B7A45D}.Debug|iPhone.ActiveCfg = Debug|Any CPU
		{704E0D56-4727-475F-8AE4-B57ED5B7A45D}.Debug|iPhone.Build.0 = Debug|Any CPU
		{704E0D56-4727-475F-8AE4-B57ED5B7A45D}.Debug|iPhone.Deploy.0 = Debug|Any CPU
		{704E0D56-4727-475F-8AE4-B57ED5B7A45D}.Debug|iPhoneSimulator.ActiveCfg = Debug|Any CPU
		{704E0D56-4727-475F-8AE4-B57ED5B7A45D}.Debug|iPhoneSimulator.Build.0 = Debug|Any CPU
		{704E0D56-4727-475F-8AE4-B57ED5B7A45D}.Debug|iPhoneSimulator.Deploy.0 = Debug|Any CPU
		{704E0D56-4727-475F-8AE4-B57ED5B7A45D}.Debug|x64.ActiveCfg = Debug|Any CPU
		{704E0D56-4727-475F-8AE4-B57ED5B7A45D}.Debug|x64.Build.0 = Debug|Any CPU
		{704E0D56-4727-475F-8AE4-B57ED5B7A45D}.Debug|x64.Deploy.0 = Debug|Any CPU
		{704E0D56-4727-475F-8AE4-B57ED5B7A45D}.Debug|x86.ActiveCfg = Debug|Any CPU
		{704E0D56-4727-475F-8AE4-B57ED5B7A45D}.Debug|x86.Build.0 = Debug|Any CPU
		{704E0D56-4727-475F-8AE4-B57ED5B7A45D}.Debug|x86.Deploy.0 = Debug|Any CPU
		{704E0D56-4727-475F-8AE4-B57ED5B7A45D}.Release|Any CPU.ActiveCfg = Release|Any CPU
		{704E0D56-4727-475F-8AE4-B57ED5B7A45D}.Release|Any CPU.Build.0 = Release|Any CPU
		{704E0D56-4727-475F-8AE4-B57ED5B7A45D}.Release|Any CPU.Deploy.0 = Release|Any CPU
		{704E0D56-4727-475F-8AE4-B57ED5B7A45D}.Release|ARM.ActiveCfg = Release|Any CPU
		{704E0D56-4727-475F-8AE4-B57ED5B7A45D}.Release|ARM.Build.0 = Release|Any CPU
		{704E0D56-4727-475F-8AE4-B57ED5B7A45D}.Release|ARM.Deploy.0 = Release|Any CPU
		{704E0D56-4727-475F-8AE4-B57ED5B7A45D}.Release|iPhone.ActiveCfg = Release|Any CPU
		{704E0D56-4727-475F-8AE4-B57ED5B7A45D}.Release|iPhone.Build.0 = Release|Any CPU
		{704E0D56-4727-475F-8AE4-B57ED5B7A45D}.Release|iPhone.Deploy.0 = Release|Any CPU
		{704E0D56-4727-475F-8AE4-B57ED5B7A45D}.Release|iPhoneSimulator.ActiveCfg = Release|Any CPU
		{704E0D56-4727-475F-8AE4-B57ED5B7A45D}.Release|iPhoneSimulator.Build.0 = Release|Any CPU
		{704E0D56-4727-475F-8AE4-B57ED5B7A45D}.Release|iPhoneSimulator.Deploy.0 = Release|Any CPU
		{704E0D56-4727-475F-8AE4-B57ED5B7A45D}.Release|x64.ActiveCfg = Release|Any CPU
		{704E0D56-4727-475F-8AE4-B57ED5B7A45D}.Release|x64.Build.0 = Release|Any CPU
		{704E0D56-4727-475F-8AE4-B57ED5B7A45D}.Release|x64.Deploy.0 = Release|Any CPU
		{704E0D56-4727-475F-8AE4-B57ED5B7A45D}.Release|x86.ActiveCfg = Release|Any CPU
		{704E0D56-4727-475F-8AE4-B57ED5B7A45D}.Release|x86.Build.0 = Release|Any CPU
		{704E0D56-4727-475F-8AE4-B57ED5B7A45D}.Release|x86.Deploy.0 = Release|Any CPU
		{4B2F0082-ACD3-41F5-9A00-E828F3CE852C}.Ad-Hoc|Any CPU.ActiveCfg = Release|Any CPU
		{4B2F0082-ACD3-41F5-9A00-E828F3CE852C}.Ad-Hoc|Any CPU.Build.0 = Release|Any CPU
		{4B2F0082-ACD3-41F5-9A00-E828F3CE852C}.Ad-Hoc|ARM.ActiveCfg = Release|Any CPU
		{4B2F0082-ACD3-41F5-9A00-E828F3CE852C}.Ad-Hoc|ARM.Build.0 = Release|Any CPU
		{4B2F0082-ACD3-41F5-9A00-E828F3CE852C}.Ad-Hoc|iPhone.ActiveCfg = Release|Any CPU
		{4B2F0082-ACD3-41F5-9A00-E828F3CE852C}.Ad-Hoc|iPhone.Build.0 = Release|Any CPU
		{4B2F0082-ACD3-41F5-9A00-E828F3CE852C}.Ad-Hoc|iPhoneSimulator.ActiveCfg = Release|Any CPU
		{4B2F0082-ACD3-41F5-9A00-E828F3CE852C}.Ad-Hoc|iPhoneSimulator.Build.0 = Release|Any CPU
		{4B2F0082-ACD3-41F5-9A00-E828F3CE852C}.Ad-Hoc|x64.ActiveCfg = Release|Any CPU
		{4B2F0082-ACD3-41F5-9A00-E828F3CE852C}.Ad-Hoc|x64.Build.0 = Release|Any CPU
		{4B2F0082-ACD3-41F5-9A00-E828F3CE852C}.Ad-Hoc|x86.ActiveCfg = Release|Any CPU
		{4B2F0082-ACD3-41F5-9A00-E828F3CE852C}.Ad-Hoc|x86.Build.0 = Release|Any CPU
		{4B2F0082-ACD3-41F5-9A00-E828F3CE852C}.AppStore|Any CPU.ActiveCfg = Release|Any CPU
		{4B2F0082-ACD3-41F5-9A00-E828F3CE852C}.AppStore|Any CPU.Build.0 = Release|Any CPU
		{4B2F0082-ACD3-41F5-9A00-E828F3CE852C}.AppStore|ARM.ActiveCfg = Release|Any CPU
		{4B2F0082-ACD3-41F5-9A00-E828F3CE852C}.AppStore|ARM.Build.0 = Release|Any CPU
		{4B2F0082-ACD3-41F5-9A00-E828F3CE852C}.AppStore|iPhone.ActiveCfg = Release|Any CPU
		{4B2F0082-ACD3-41F5-9A00-E828F3CE852C}.AppStore|iPhone.Build.0 = Release|Any CPU
		{4B2F0082-ACD3-41F5-9A00-E828F3CE852C}.AppStore|iPhoneSimulator.ActiveCfg = Release|Any CPU
		{4B2F0082-ACD3-41F5-9A00-E828F3CE852C}.AppStore|iPhoneSimulator.Build.0 = Release|Any CPU
		{4B2F0082-ACD3-41F5-9A00-E828F3CE852C}.AppStore|x64.ActiveCfg = Release|Any CPU
		{4B2F0082-ACD3-41F5-9A00-E828F3CE852C}.AppStore|x64.Build.0 = Release|Any CPU
		{4B2F0082-ACD3-41F5-9A00-E828F3CE852C}.AppStore|x86.ActiveCfg = Release|Any CPU
		{4B2F0082-ACD3-41F5-9A00-E828F3CE852C}.AppStore|x86.Build.0 = Release|Any CPU
		{4B2F0082-ACD3-41F5-9A00-E828F3CE852C}.Debug|Any CPU.ActiveCfg = Debug|Any CPU
		{4B2F0082-ACD3-41F5-9A00-E828F3CE852C}.Debug|Any CPU.Build.0 = Debug|Any CPU
		{4B2F0082-ACD3-41F5-9A00-E828F3CE852C}.Debug|ARM.ActiveCfg = Debug|Any CPU
		{4B2F0082-ACD3-41F5-9A00-E828F3CE852C}.Debug|ARM.Build.0 = Debug|Any CPU
		{4B2F0082-ACD3-41F5-9A00-E828F3CE852C}.Debug|iPhone.ActiveCfg = Debug|Any CPU
		{4B2F0082-ACD3-41F5-9A00-E828F3CE852C}.Debug|iPhone.Build.0 = Debug|Any CPU
		{4B2F0082-ACD3-41F5-9A00-E828F3CE852C}.Debug|iPhoneSimulator.ActiveCfg = Debug|Any CPU
		{4B2F0082-ACD3-41F5-9A00-E828F3CE852C}.Debug|iPhoneSimulator.Build.0 = Debug|Any CPU
		{4B2F0082-ACD3-41F5-9A00-E828F3CE852C}.Debug|x64.ActiveCfg = Debug|Any CPU
		{4B2F0082-ACD3-41F5-9A00-E828F3CE852C}.Debug|x64.Build.0 = Debug|Any CPU
		{4B2F0082-ACD3-41F5-9A00-E828F3CE852C}.Debug|x86.ActiveCfg = Debug|Any CPU
		{4B2F0082-ACD3-41F5-9A00-E828F3CE852C}.Debug|x86.Build.0 = Debug|Any CPU
		{4B2F0082-ACD3-41F5-9A00-E828F3CE852C}.Release|Any CPU.ActiveCfg = Release|Any CPU
		{4B2F0082-ACD3-41F5-9A00-E828F3CE852C}.Release|Any CPU.Build.0 = Release|Any CPU
		{4B2F0082-ACD3-41F5-9A00-E828F3CE852C}.Release|ARM.ActiveCfg = Release|Any CPU
		{4B2F0082-ACD3-41F5-9A00-E828F3CE852C}.Release|ARM.Build.0 = Release|Any CPU
		{4B2F0082-ACD3-41F5-9A00-E828F3CE852C}.Release|iPhone.ActiveCfg = Release|Any CPU
		{4B2F0082-ACD3-41F5-9A00-E828F3CE852C}.Release|iPhone.Build.0 = Release|Any CPU
		{4B2F0082-ACD3-41F5-9A00-E828F3CE852C}.Release|iPhoneSimulator.ActiveCfg = Release|Any CPU
		{4B2F0082-ACD3-41F5-9A00-E828F3CE852C}.Release|iPhoneSimulator.Build.0 = Release|Any CPU
		{4B2F0082-ACD3-41F5-9A00-E828F3CE852C}.Release|x64.ActiveCfg = Release|Any CPU
		{4B2F0082-ACD3-41F5-9A00-E828F3CE852C}.Release|x64.Build.0 = Release|Any CPU
		{4B2F0082-ACD3-41F5-9A00-E828F3CE852C}.Release|x86.ActiveCfg = Release|Any CPU
		{4B2F0082-ACD3-41F5-9A00-E828F3CE852C}.Release|x86.Build.0 = Release|Any CPU
		{35C3A138-264D-4C43-A120-D381F9AF9AEC}.Ad-Hoc|Any CPU.ActiveCfg = Release|x86
		{35C3A138-264D-4C43-A120-D381F9AF9AEC}.Ad-Hoc|Any CPU.Build.0 = Release|x86
		{35C3A138-264D-4C43-A120-D381F9AF9AEC}.Ad-Hoc|Any CPU.Deploy.0 = Release|x86
		{35C3A138-264D-4C43-A120-D381F9AF9AEC}.Ad-Hoc|ARM.ActiveCfg = Release|ARM
		{35C3A138-264D-4C43-A120-D381F9AF9AEC}.Ad-Hoc|ARM.Build.0 = Release|ARM
		{35C3A138-264D-4C43-A120-D381F9AF9AEC}.Ad-Hoc|ARM.Deploy.0 = Release|ARM
		{35C3A138-264D-4C43-A120-D381F9AF9AEC}.Ad-Hoc|iPhone.ActiveCfg = Release|x86
		{35C3A138-264D-4C43-A120-D381F9AF9AEC}.Ad-Hoc|iPhone.Build.0 = Release|x86
		{35C3A138-264D-4C43-A120-D381F9AF9AEC}.Ad-Hoc|iPhone.Deploy.0 = Release|x86
		{35C3A138-264D-4C43-A120-D381F9AF9AEC}.Ad-Hoc|iPhoneSimulator.ActiveCfg = Release|x86
		{35C3A138-264D-4C43-A120-D381F9AF9AEC}.Ad-Hoc|iPhoneSimulator.Build.0 = Release|x86
		{35C3A138-264D-4C43-A120-D381F9AF9AEC}.Ad-Hoc|iPhoneSimulator.Deploy.0 = Release|x86
		{35C3A138-264D-4C43-A120-D381F9AF9AEC}.Ad-Hoc|x64.ActiveCfg = Release|x64
		{35C3A138-264D-4C43-A120-D381F9AF9AEC}.Ad-Hoc|x64.Build.0 = Release|x64
		{35C3A138-264D-4C43-A120-D381F9AF9AEC}.Ad-Hoc|x64.Deploy.0 = Release|x64
		{35C3A138-264D-4C43-A120-D381F9AF9AEC}.Ad-Hoc|x86.ActiveCfg = Release|x86
		{35C3A138-264D-4C43-A120-D381F9AF9AEC}.Ad-Hoc|x86.Build.0 = Release|x86
		{35C3A138-264D-4C43-A120-D381F9AF9AEC}.Ad-Hoc|x86.Deploy.0 = Release|x86
		{35C3A138-264D-4C43-A120-D381F9AF9AEC}.AppStore|Any CPU.ActiveCfg = Release|x86
		{35C3A138-264D-4C43-A120-D381F9AF9AEC}.AppStore|Any CPU.Build.0 = Release|x86
		{35C3A138-264D-4C43-A120-D381F9AF9AEC}.AppStore|Any CPU.Deploy.0 = Release|x86
		{35C3A138-264D-4C43-A120-D381F9AF9AEC}.AppStore|ARM.ActiveCfg = Release|ARM
		{35C3A138-264D-4C43-A120-D381F9AF9AEC}.AppStore|ARM.Build.0 = Release|ARM
		{35C3A138-264D-4C43-A120-D381F9AF9AEC}.AppStore|ARM.Deploy.0 = Release|ARM
		{35C3A138-264D-4C43-A120-D381F9AF9AEC}.AppStore|iPhone.ActiveCfg = Release|x86
		{35C3A138-264D-4C43-A120-D381F9AF9AEC}.AppStore|iPhone.Build.0 = Release|x86
		{35C3A138-264D-4C43-A120-D381F9AF9AEC}.AppStore|iPhone.Deploy.0 = Release|x86
		{35C3A138-264D-4C43-A120-D381F9AF9AEC}.AppStore|iPhoneSimulator.ActiveCfg = Release|x86
		{35C3A138-264D-4C43-A120-D381F9AF9AEC}.AppStore|iPhoneSimulator.Build.0 = Release|x86
		{35C3A138-264D-4C43-A120-D381F9AF9AEC}.AppStore|iPhoneSimulator.Deploy.0 = Release|x86
		{35C3A138-264D-4C43-A120-D381F9AF9AEC}.AppStore|x64.ActiveCfg = Release|x64
		{35C3A138-264D-4C43-A120-D381F9AF9AEC}.AppStore|x64.Build.0 = Release|x64
		{35C3A138-264D-4C43-A120-D381F9AF9AEC}.AppStore|x64.Deploy.0 = Release|x64
		{35C3A138-264D-4C43-A120-D381F9AF9AEC}.AppStore|x86.ActiveCfg = Release|x86
		{35C3A138-264D-4C43-A120-D381F9AF9AEC}.AppStore|x86.Build.0 = Release|x86
		{35C3A138-264D-4C43-A120-D381F9AF9AEC}.AppStore|x86.Deploy.0 = Release|x86
		{35C3A138-264D-4C43-A120-D381F9AF9AEC}.Debug|Any CPU.ActiveCfg = Debug|x86
		{35C3A138-264D-4C43-A120-D381F9AF9AEC}.Debug|ARM.ActiveCfg = Debug|ARM
		{35C3A138-264D-4C43-A120-D381F9AF9AEC}.Debug|ARM.Build.0 = Debug|ARM
		{35C3A138-264D-4C43-A120-D381F9AF9AEC}.Debug|ARM.Deploy.0 = Debug|ARM
		{35C3A138-264D-4C43-A120-D381F9AF9AEC}.Debug|iPhone.ActiveCfg = Debug|x86
		{35C3A138-264D-4C43-A120-D381F9AF9AEC}.Debug|iPhoneSimulator.ActiveCfg = Debug|x86
		{35C3A138-264D-4C43-A120-D381F9AF9AEC}.Debug|x64.ActiveCfg = Debug|x64
		{35C3A138-264D-4C43-A120-D381F9AF9AEC}.Debug|x64.Build.0 = Debug|x64
		{35C3A138-264D-4C43-A120-D381F9AF9AEC}.Debug|x64.Deploy.0 = Debug|x64
		{35C3A138-264D-4C43-A120-D381F9AF9AEC}.Debug|x86.ActiveCfg = Debug|x86
		{35C3A138-264D-4C43-A120-D381F9AF9AEC}.Debug|x86.Build.0 = Debug|x86
		{35C3A138-264D-4C43-A120-D381F9AF9AEC}.Debug|x86.Deploy.0 = Debug|x86
		{35C3A138-264D-4C43-A120-D381F9AF9AEC}.Release|Any CPU.ActiveCfg = Release|x86
		{35C3A138-264D-4C43-A120-D381F9AF9AEC}.Release|ARM.ActiveCfg = Release|ARM
		{35C3A138-264D-4C43-A120-D381F9AF9AEC}.Release|ARM.Build.0 = Release|ARM
		{35C3A138-264D-4C43-A120-D381F9AF9AEC}.Release|ARM.Deploy.0 = Release|ARM
		{35C3A138-264D-4C43-A120-D381F9AF9AEC}.Release|iPhone.ActiveCfg = Release|x86
		{35C3A138-264D-4C43-A120-D381F9AF9AEC}.Release|iPhoneSimulator.ActiveCfg = Release|x86
		{35C3A138-264D-4C43-A120-D381F9AF9AEC}.Release|x64.ActiveCfg = Release|x64
		{35C3A138-264D-4C43-A120-D381F9AF9AEC}.Release|x64.Build.0 = Release|x64
		{35C3A138-264D-4C43-A120-D381F9AF9AEC}.Release|x64.Deploy.0 = Release|x64
		{35C3A138-264D-4C43-A120-D381F9AF9AEC}.Release|x86.ActiveCfg = Release|x86
		{35C3A138-264D-4C43-A120-D381F9AF9AEC}.Release|x86.Build.0 = Release|x86
		{35C3A138-264D-4C43-A120-D381F9AF9AEC}.Release|x86.Deploy.0 = Release|x86
		{F32669C1-D92F-42CC-94BF-20DC7087A1EB}.Ad-Hoc|Any CPU.ActiveCfg = Ad-Hoc|iPhone
		{F32669C1-D92F-42CC-94BF-20DC7087A1EB}.Ad-Hoc|ARM.ActiveCfg = Ad-Hoc|iPhone
		{F32669C1-D92F-42CC-94BF-20DC7087A1EB}.Ad-Hoc|iPhone.ActiveCfg = Ad-Hoc|iPhone
		{F32669C1-D92F-42CC-94BF-20DC7087A1EB}.Ad-Hoc|iPhone.Build.0 = Ad-Hoc|iPhone
		{F32669C1-D92F-42CC-94BF-20DC7087A1EB}.Ad-Hoc|iPhoneSimulator.ActiveCfg = Ad-Hoc|iPhoneSimulator
		{F32669C1-D92F-42CC-94BF-20DC7087A1EB}.Ad-Hoc|iPhoneSimulator.Build.0 = Ad-Hoc|iPhoneSimulator
		{F32669C1-D92F-42CC-94BF-20DC7087A1EB}.Ad-Hoc|x64.ActiveCfg = Ad-Hoc|iPhone
		{F32669C1-D92F-42CC-94BF-20DC7087A1EB}.Ad-Hoc|x86.ActiveCfg = Ad-Hoc|iPhone
		{F32669C1-D92F-42CC-94BF-20DC7087A1EB}.AppStore|Any CPU.ActiveCfg = AppStore|iPhone
		{F32669C1-D92F-42CC-94BF-20DC7087A1EB}.AppStore|ARM.ActiveCfg = AppStore|iPhone
		{F32669C1-D92F-42CC-94BF-20DC7087A1EB}.AppStore|iPhone.ActiveCfg = AppStore|iPhone
		{F32669C1-D92F-42CC-94BF-20DC7087A1EB}.AppStore|iPhone.Build.0 = AppStore|iPhone
		{F32669C1-D92F-42CC-94BF-20DC7087A1EB}.AppStore|iPhoneSimulator.ActiveCfg = AppStore|iPhoneSimulator
		{F32669C1-D92F-42CC-94BF-20DC7087A1EB}.AppStore|iPhoneSimulator.Build.0 = AppStore|iPhoneSimulator
		{F32669C1-D92F-42CC-94BF-20DC7087A1EB}.AppStore|x64.ActiveCfg = AppStore|iPhone
		{F32669C1-D92F-42CC-94BF-20DC7087A1EB}.AppStore|x86.ActiveCfg = AppStore|iPhone
		{F32669C1-D92F-42CC-94BF-20DC7087A1EB}.Debug|Any CPU.ActiveCfg = Debug|iPhone
		{F32669C1-D92F-42CC-94BF-20DC7087A1EB}.Debug|ARM.ActiveCfg = Debug|iPhone
		{F32669C1-D92F-42CC-94BF-20DC7087A1EB}.Debug|iPhone.ActiveCfg = Debug|iPhone
		{F32669C1-D92F-42CC-94BF-20DC7087A1EB}.Debug|iPhone.Build.0 = Debug|iPhone
		{F32669C1-D92F-42CC-94BF-20DC7087A1EB}.Debug|iPhoneSimulator.ActiveCfg = Debug|iPhoneSimulator
		{F32669C1-D92F-42CC-94BF-20DC7087A1EB}.Debug|iPhoneSimulator.Build.0 = Debug|iPhoneSimulator
		{F32669C1-D92F-42CC-94BF-20DC7087A1EB}.Debug|x64.ActiveCfg = Debug|iPhone
		{F32669C1-D92F-42CC-94BF-20DC7087A1EB}.Debug|x86.ActiveCfg = Debug|iPhone
		{F32669C1-D92F-42CC-94BF-20DC7087A1EB}.Release|Any CPU.ActiveCfg = Release|iPhone
		{F32669C1-D92F-42CC-94BF-20DC7087A1EB}.Release|ARM.ActiveCfg = Release|iPhone
		{F32669C1-D92F-42CC-94BF-20DC7087A1EB}.Release|iPhone.ActiveCfg = Release|iPhone
		{F32669C1-D92F-42CC-94BF-20DC7087A1EB}.Release|iPhone.Build.0 = Release|iPhone
		{F32669C1-D92F-42CC-94BF-20DC7087A1EB}.Release|iPhoneSimulator.ActiveCfg = Release|iPhoneSimulator
		{F32669C1-D92F-42CC-94BF-20DC7087A1EB}.Release|iPhoneSimulator.Build.0 = Release|iPhoneSimulator
		{F32669C1-D92F-42CC-94BF-20DC7087A1EB}.Release|x64.ActiveCfg = Release|iPhone
		{F32669C1-D92F-42CC-94BF-20DC7087A1EB}.Release|x86.ActiveCfg = Release|iPhone
		{6618282C-1D29-465C-BC9F-52AFA5460D5F}.Ad-Hoc|Any CPU.ActiveCfg = Release|Any CPU
		{6618282C-1D29-465C-BC9F-52AFA5460D5F}.Ad-Hoc|Any CPU.Build.0 = Release|Any CPU
		{6618282C-1D29-465C-BC9F-52AFA5460D5F}.Ad-Hoc|ARM.ActiveCfg = Release|Any CPU
		{6618282C-1D29-465C-BC9F-52AFA5460D5F}.Ad-Hoc|ARM.Build.0 = Release|Any CPU
		{6618282C-1D29-465C-BC9F-52AFA5460D5F}.Ad-Hoc|iPhone.ActiveCfg = Release|Any CPU
		{6618282C-1D29-465C-BC9F-52AFA5460D5F}.Ad-Hoc|iPhone.Build.0 = Release|Any CPU
		{6618282C-1D29-465C-BC9F-52AFA5460D5F}.Ad-Hoc|iPhoneSimulator.ActiveCfg = Release|Any CPU
		{6618282C-1D29-465C-BC9F-52AFA5460D5F}.Ad-Hoc|iPhoneSimulator.Build.0 = Release|Any CPU
		{6618282C-1D29-465C-BC9F-52AFA5460D5F}.Ad-Hoc|x64.ActiveCfg = Release|Any CPU
		{6618282C-1D29-465C-BC9F-52AFA5460D5F}.Ad-Hoc|x64.Build.0 = Release|Any CPU
		{6618282C-1D29-465C-BC9F-52AFA5460D5F}.Ad-Hoc|x86.ActiveCfg = Release|Any CPU
		{6618282C-1D29-465C-BC9F-52AFA5460D5F}.Ad-Hoc|x86.Build.0 = Release|Any CPU
		{6618282C-1D29-465C-BC9F-52AFA5460D5F}.AppStore|Any CPU.ActiveCfg = Release|Any CPU
		{6618282C-1D29-465C-BC9F-52AFA5460D5F}.AppStore|Any CPU.Build.0 = Release|Any CPU
		{6618282C-1D29-465C-BC9F-52AFA5460D5F}.AppStore|ARM.ActiveCfg = Release|Any CPU
		{6618282C-1D29-465C-BC9F-52AFA5460D5F}.AppStore|ARM.Build.0 = Release|Any CPU
		{6618282C-1D29-465C-BC9F-52AFA5460D5F}.AppStore|iPhone.ActiveCfg = Release|Any CPU
		{6618282C-1D29-465C-BC9F-52AFA5460D5F}.AppStore|iPhone.Build.0 = Release|Any CPU
		{6618282C-1D29-465C-BC9F-52AFA5460D5F}.AppStore|iPhoneSimulator.ActiveCfg = Release|Any CPU
		{6618282C-1D29-465C-BC9F-52AFA5460D5F}.AppStore|iPhoneSimulator.Build.0 = Release|Any CPU
		{6618282C-1D29-465C-BC9F-52AFA5460D5F}.AppStore|x64.ActiveCfg = Release|Any CPU
		{6618282C-1D29-465C-BC9F-52AFA5460D5F}.AppStore|x64.Build.0 = Release|Any CPU
		{6618282C-1D29-465C-BC9F-52AFA5460D5F}.AppStore|x86.ActiveCfg = Release|Any CPU
		{6618282C-1D29-465C-BC9F-52AFA5460D5F}.AppStore|x86.Build.0 = Release|Any CPU
		{6618282C-1D29-465C-BC9F-52AFA5460D5F}.Debug|Any CPU.ActiveCfg = Debug|Any CPU
		{6618282C-1D29-465C-BC9F-52AFA5460D5F}.Debug|Any CPU.Build.0 = Debug|Any CPU
		{6618282C-1D29-465C-BC9F-52AFA5460D5F}.Debug|ARM.ActiveCfg = Debug|Any CPU
		{6618282C-1D29-465C-BC9F-52AFA5460D5F}.Debug|ARM.Build.0 = Debug|Any CPU
		{6618282C-1D29-465C-BC9F-52AFA5460D5F}.Debug|iPhone.ActiveCfg = Debug|Any CPU
		{6618282C-1D29-465C-BC9F-52AFA5460D5F}.Debug|iPhone.Build.0 = Debug|Any CPU
		{6618282C-1D29-465C-BC9F-52AFA5460D5F}.Debug|iPhoneSimulator.ActiveCfg = Debug|Any CPU
		{6618282C-1D29-465C-BC9F-52AFA5460D5F}.Debug|iPhoneSimulator.Build.0 = Debug|Any CPU
		{6618282C-1D29-465C-BC9F-52AFA5460D5F}.Debug|x64.ActiveCfg = Debug|Any CPU
		{6618282C-1D29-465C-BC9F-52AFA5460D5F}.Debug|x64.Build.0 = Debug|Any CPU
		{6618282C-1D29-465C-BC9F-52AFA5460D5F}.Debug|x86.ActiveCfg = Debug|Any CPU
		{6618282C-1D29-465C-BC9F-52AFA5460D5F}.Debug|x86.Build.0 = Debug|Any CPU
		{6618282C-1D29-465C-BC9F-52AFA5460D5F}.Release|Any CPU.ActiveCfg = Release|Any CPU
		{6618282C-1D29-465C-BC9F-52AFA5460D5F}.Release|Any CPU.Build.0 = Release|Any CPU
		{6618282C-1D29-465C-BC9F-52AFA5460D5F}.Release|ARM.ActiveCfg = Release|Any CPU
		{6618282C-1D29-465C-BC9F-52AFA5460D5F}.Release|ARM.Build.0 = Release|Any CPU
		{6618282C-1D29-465C-BC9F-52AFA5460D5F}.Release|iPhone.ActiveCfg = Release|Any CPU
		{6618282C-1D29-465C-BC9F-52AFA5460D5F}.Release|iPhone.Build.0 = Release|Any CPU
		{6618282C-1D29-465C-BC9F-52AFA5460D5F}.Release|iPhoneSimulator.ActiveCfg = Release|Any CPU
		{6618282C-1D29-465C-BC9F-52AFA5460D5F}.Release|iPhoneSimulator.Build.0 = Release|Any CPU
		{6618282C-1D29-465C-BC9F-52AFA5460D5F}.Release|x64.ActiveCfg = Release|Any CPU
		{6618282C-1D29-465C-BC9F-52AFA5460D5F}.Release|x64.Build.0 = Release|Any CPU
		{6618282C-1D29-465C-BC9F-52AFA5460D5F}.Release|x86.ActiveCfg = Release|Any CPU
		{6618282C-1D29-465C-BC9F-52AFA5460D5F}.Release|x86.Build.0 = Release|Any CPU
	EndGlobalSection
	GlobalSection(SolutionProperties) = preSolution
		HideSolutionNode = FALSE
	EndGlobalSection
EndGlobal
